
Microsoft Visual Studio Solution File, Format Version 12.00
# Visual Studio Version 16
VisualStudioVersion = 16.0.28803.156
MinimumVisualStudioVersion = 10.0.40219.1
Project("{FAE04EC0-301F-11D3-BF4B-00C04F79EFBC}") = "Pharmacy_project", "Pharmacy_project\Pharmacy_project.csproj", "{AE8CC76F-A56E-48AF-9409-523674B2001A}"
EndProject
Global
	GlobalSection(SolutionConfigurationPlatforms) = preSolution
		Debug|Any CPU = Debug|Any CPU
		Release|Any CPU = Release|Any CPU
	EndGlobalSection
	GlobalSection(ProjectConfigurationPlatforms) = postSolution
		{AE8CC76F-A56E-48AF-9409-523674B2001A}.Debug|Any CPU.ActiveCfg = Debug|Any CPU
		{AE8CC76F-A56E-48AF-9409-523674B2001A}.Debug|Any CPU.Build.0 = Debug|Any CPU
		{AE8CC76F-A56E-48AF-9409-523674B2001A}.Release|Any CPU.ActiveCfg = Release|Any CPU
		{AE8CC76F-A56E-48AF-9409-523674B2001A}.Release|Any CPU.Build.0 = Release|Any CPU
	EndGlobalSection
	GlobalSection(SolutionProperties) = preSolution
		HideSolutionNode = FALSE
	EndGlobalSection
	GlobalSection(ExtensibilityGlobals) = postSolution
		SolutionGuid = {A32FE2AA-2508-4138-B34C-C1A5DD960892}
	EndGlobalSection
EndGlobal
